version: 2.0
shards:
  ameba:
    git: https://github.com/crystal-ameba/ameba.git
    version: 0.12.1

  db:
    git: https://github.com/crystal-lang/crystal-db.git
    version: 0.9.0

  msgpack:
    git: https://github.com/crystal-community/msgpack-crystal.git
    version: 0.17.1

  pg:
    git: https://github.com/will/crystal-pg.git
    version: 0.21.1

