version: 2.0
shards:
  ameba:
    git: https://github.com/crystal-ameba/ameba.git
    version: 0.12.1

  concurrent:
    git: https://github.com/didactic-drunk/concurrent.cr.git
    version: 0.1.0+git.commit.f3637ceb0ae67f7974fd0f36aee1f2d551bfe513

  db:
    git: https://github.com/crystal-lang/crystal-db.git
    version: 0.9.0

  minion-common:
    git: https://github.com/joshsoftware/minion-common.git
    version: 0.1.4+git.commit.6aa3737e5f89bcbe20ed277565fe3a12205b1f78

  msgpack:
    git: https://github.com/crystal-community/msgpack-crystal.git
    version: 0.17.1

  pg:
    git: https://github.com/will/crystal-pg.git
    version: 0.21.1

  tablo:
    git: https://github.com/hutou/tablo.git
    version: 0.9.3

